
Microsoft Visual Studio Solution File, Format Version 12.00
# Visual Studio Version 16
VisualStudioVersion = 16.0.33927.289
MinimumVisualStudioVersion = 10.0.40219.1
Project("{8BC9CEB8-8B4A-11D0-8D11-00A0C91BC942}") = "Regis_v2", "Regis_v2.vcxproj", "{C9908A7C-BDDD-4ED2-B678-39636C828642}"
EndProject
Global
	GlobalSection(SolutionConfigurationPlatforms) = preSolution
		Debug|x64 = Debug|x64
		Debug|x86 = Debug|x86
		Release|x64 = Release|x64
		Release|x86 = Release|x86
	EndGlobalSection
	GlobalSection(ProjectConfigurationPlatforms) = postSolution
		{C9908A7C-BDDD-4ED2-B678-39636C828642}.Debug|x64.ActiveCfg = Debug|x64
		{C9908A7C-BDDD-4ED2-B678-39636C828642}.Debug|x64.Build.0 = Debug|x64
		{C9908A7C-BDDD-4ED2-B678-39636C828642}.Debug|x86.ActiveCfg = Debug|Win32
		{C9908A7C-BDDD-4ED2-B678-39636C828642}.Debug|x86.Build.0 = Debug|Win32
		{C9908A7C-BDDD-4ED2-B678-39636C828642}.Release|x64.ActiveCfg = Release|x64
		{C9908A7C-BDDD-4ED2-B678-39636C828642}.Release|x64.Build.0 = Release|x64
		{C9908A7C-BDDD-4ED2-B678-39636C828642}.Release|x86.ActiveCfg = Release|Win32
		{C9908A7C-BDDD-4ED2-B678-39636C828642}.Release|x86.Build.0 = Release|Win32
	EndGlobalSection
	GlobalSection(SolutionProperties) = preSolution
		HideSolutionNode = FALSE
	EndGlobalSection
	GlobalSection(ExtensibilityGlobals) = postSolution
		SolutionGuid = {F8C5DA5C-D301-49F9-B3AF-A948C8CA518D}
	EndGlobalSection
EndGlobal
