
Microsoft Visual Studio Solution File, Format Version 12.00
# Visual Studio Version 16
VisualStudioVersion = 16.0.33927.289
MinimumVisualStudioVersion = 10.0.40219.1
Project("{8BC9CEB8-8B4A-11D0-8D11-00A0C91BC942}") = "curveLength_DLL", "curveLength_DLL\curveLength_DLL.vcxproj", "{D01CCDFF-DFAE-4E66-93AA-7B12A4ACFCB4}"
EndProject
Global
	GlobalSection(SolutionConfigurationPlatforms) = preSolution
		Debug|x64 = Debug|x64
		Debug|x86 = Debug|x86
		Release|x64 = Release|x64
		Release|x86 = Release|x86
	EndGlobalSection
	GlobalSection(ProjectConfigurationPlatforms) = postSolution
		{D01CCDFF-DFAE-4E66-93AA-7B12A4ACFCB4}.Debug|x64.ActiveCfg = Debug|x64
		{D01CCDFF-DFAE-4E66-93AA-7B12A4ACFCB4}.Debug|x64.Build.0 = Debug|x64
		{D01CCDFF-DFAE-4E66-93AA-7B12A4ACFCB4}.Debug|x86.ActiveCfg = Debug|Win32
		{D01CCDFF-DFAE-4E66-93AA-7B12A4ACFCB4}.Debug|x86.Build.0 = Debug|Win32
		{D01CCDFF-DFAE-4E66-93AA-7B12A4ACFCB4}.Release|x64.ActiveCfg = Release|x64
		{D01CCDFF-DFAE-4E66-93AA-7B12A4ACFCB4}.Release|x64.Build.0 = Release|x64
		{D01CCDFF-DFAE-4E66-93AA-7B12A4ACFCB4}.Release|x86.ActiveCfg = Release|Win32
		{D01CCDFF-DFAE-4E66-93AA-7B12A4ACFCB4}.Release|x86.Build.0 = Release|Win32
	EndGlobalSection
	GlobalSection(SolutionProperties) = preSolution
		HideSolutionNode = FALSE
	EndGlobalSection
	GlobalSection(ExtensibilityGlobals) = postSolution
		SolutionGuid = {6B767D0E-2B72-4147-9FA7-A085C07902FB}
	EndGlobalSection
EndGlobal
